
Microsoft Visual Studio Solution File, Format Version 12.00
# Visual Studio 15
VisualStudioVersion = 15.0.26124.0
MinimumVisualStudioVersion = 15.0.26124.0
Project("{9A19103F-16F7-4668-BE54-9A1E7A4F7556}") = "Tracker.Core", "Tracker.Core\Tracker.Core.csproj", "{4382D0C7-9621-4EE2-B926-34F1DC68DA68}"
EndProject
Project("{9A19103F-16F7-4668-BE54-9A1E7A4F7556}") = "Tracker.Web", "Tracker.Web\Tracker.Web.csproj", "{3AFA31A4-FFA3-4651-867D-BF674CF26A17}"
EndProject
Global
	GlobalSection(SolutionConfigurationPlatforms) = preSolution
		Debug|Any CPU = Debug|Any CPU
		Debug|x64 = Debug|x64
		Debug|x86 = Debug|x86
		Release|Any CPU = Release|Any CPU
		Release|x64 = Release|x64
		Release|x86 = Release|x86
	EndGlobalSection
	GlobalSection(ProjectConfigurationPlatforms) = postSolution
		{4382D0C7-9621-4EE2-B926-34F1DC68DA68}.Debug|Any CPU.ActiveCfg = Debug|Any CPU
		{4382D0C7-9621-4EE2-B926-34F1DC68DA68}.Debug|Any CPU.Build.0 = Debug|Any CPU
		{4382D0C7-9621-4EE2-B926-34F1DC68DA68}.Debug|x64.ActiveCfg = Debug|Any CPU
		{4382D0C7-9621-4EE2-B926-34F1DC68DA68}.Debug|x64.Build.0 = Debug|Any CPU
		{4382D0C7-9621-4EE2-B926-34F1DC68DA68}.Debug|x86.ActiveCfg = Debug|Any CPU
		{4382D0C7-9621-4EE2-B926-34F1DC68DA68}.Debug|x86.Build.0 = Debug|Any CPU
		{4382D0C7-9621-4EE2-B926-34F1DC68DA68}.Release|Any CPU.ActiveCfg = Release|Any CPU
		{4382D0C7-9621-4EE2-B926-34F1DC68DA68}.Release|Any CPU.Build.0 = Release|Any CPU
		{4382D0C7-9621-4EE2-B926-34F1DC68DA68}.Release|x64.ActiveCfg = Release|Any CPU
		{4382D0C7-9621-4EE2-B926-34F1DC68DA68}.Release|x64.Build.0 = Release|Any CPU
		{4382D0C7-9621-4EE2-B926-34F1DC68DA68}.Release|x86.ActiveCfg = Release|Any CPU
		{4382D0C7-9621-4EE2-B926-34F1DC68DA68}.Release|x86.Build.0 = Release|Any CPU
		{3AFA31A4-FFA3-4651-867D-BF674CF26A17}.Debug|Any CPU.ActiveCfg = Debug|Any CPU
		{3AFA31A4-FFA3-4651-867D-BF674CF26A17}.Debug|Any CPU.Build.0 = Debug|Any CPU
		{3AFA31A4-FFA3-4651-867D-BF674CF26A17}.Debug|x64.ActiveCfg = Debug|Any CPU
		{3AFA31A4-FFA3-4651-867D-BF674CF26A17}.Debug|x64.Build.0 = Debug|Any CPU
		{3AFA31A4-FFA3-4651-867D-BF674CF26A17}.Debug|x86.ActiveCfg = Debug|Any CPU
		{3AFA31A4-FFA3-4651-867D-BF674CF26A17}.Debug|x86.Build.0 = Debug|Any CPU
		{3AFA31A4-FFA3-4651-867D-BF674CF26A17}.Release|Any CPU.ActiveCfg = Release|Any CPU
		{3AFA31A4-FFA3-4651-867D-BF674CF26A17}.Release|Any CPU.Build.0 = Release|Any CPU
		{3AFA31A4-FFA3-4651-867D-BF674CF26A17}.Release|x64.ActiveCfg = Release|Any CPU
		{3AFA31A4-FFA3-4651-867D-BF674CF26A17}.Release|x64.Build.0 = Release|Any CPU
		{3AFA31A4-FFA3-4651-867D-BF674CF26A17}.Release|x86.ActiveCfg = Release|Any CPU
		{3AFA31A4-FFA3-4651-867D-BF674CF26A17}.Release|x86.Build.0 = Release|Any CPU
	EndGlobalSection
	GlobalSection(SolutionProperties) = preSolution
		HideSolutionNode = FALSE
	EndGlobalSection
	GlobalSection(ExtensibilityGlobals) = postSolution
		SolutionGuid = {1E0724CE-19DF-49C5-91CC-ED3128C5CEE3}
	EndGlobalSection
EndGlobal
