
Microsoft Visual Studio Solution File, Format Version 12.00
# Visual Studio Version 17
VisualStudioVersion = 17.0.31919.166
MinimumVisualStudioVersion = 10.0.40219.1
Project("{9A19103F-16F7-4668-BE54-9A1E7A4F7556}") = "Tracker.PostgreSQL.Core", "Tracker.PostgreSQL.Core\Tracker.PostgreSQL.Core.csproj", "{C1B9F4AB-0DC7-447C-92AE-4CF3601DB87B}"
EndProject
Project("{9A19103F-16F7-4668-BE54-9A1E7A4F7556}") = "Tracker.PostgreSQL.Database", "Tracker.PostgreSQL.Database\Tracker.PostgreSQL.Database.csproj", "{C802F03E-8217-4A9B-89A3-9AEF0F95CD3E}"
EndProject
Global
	GlobalSection(SolutionConfigurationPlatforms) = preSolution
		Debug|Any CPU = Debug|Any CPU
		Release|Any CPU = Release|Any CPU
	EndGlobalSection
	GlobalSection(ProjectConfigurationPlatforms) = postSolution
		{C1B9F4AB-0DC7-447C-92AE-4CF3601DB87B}.Debug|Any CPU.ActiveCfg = Debug|Any CPU
		{C1B9F4AB-0DC7-447C-92AE-4CF3601DB87B}.Debug|Any CPU.Build.0 = Debug|Any CPU
		{C1B9F4AB-0DC7-447C-92AE-4CF3601DB87B}.Release|Any CPU.ActiveCfg = Release|Any CPU
		{C1B9F4AB-0DC7-447C-92AE-4CF3601DB87B}.Release|Any CPU.Build.0 = Release|Any CPU
		{C802F03E-8217-4A9B-89A3-9AEF0F95CD3E}.Debug|Any CPU.ActiveCfg = Debug|Any CPU
		{C802F03E-8217-4A9B-89A3-9AEF0F95CD3E}.Debug|Any CPU.Build.0 = Debug|Any CPU
		{C802F03E-8217-4A9B-89A3-9AEF0F95CD3E}.Release|Any CPU.ActiveCfg = Release|Any CPU
		{C802F03E-8217-4A9B-89A3-9AEF0F95CD3E}.Release|Any CPU.Build.0 = Release|Any CPU
	EndGlobalSection
	GlobalSection(SolutionProperties) = preSolution
		HideSolutionNode = FALSE
	EndGlobalSection
	GlobalSection(ExtensibilityGlobals) = postSolution
		SolutionGuid = {70B662F4-6A97-4DB5-A706-67DC4B310E11}
	EndGlobalSection
EndGlobal
