
Microsoft Visual Studio Solution File, Format Version 12.00
# Visual Studio Version 17
VisualStudioVersion = 17.0.31919.166
MinimumVisualStudioVersion = 15.0.26124.0
Project("{9A19103F-16F7-4668-BE54-9A1E7A4F7556}") = "TrackerSchema.Core", "TrackerSchema.Core\TrackerSchema.Core.csproj", "{BD27AE81-7140-4E02-B29E-DB17358B2BF3}"
EndProject
Project("{9A19103F-16F7-4668-BE54-9A1E7A4F7556}") = "TrackerSchema.Database", "TrackerSchema.Database\TrackerSchema.Database.csproj", "{F7E4D35B-6249-4BC8-9B49-5BC5760FA665}"
EndProject
Global
	GlobalSection(SolutionConfigurationPlatforms) = preSolution
		Debug|Any CPU = Debug|Any CPU
		Debug|x64 = Debug|x64
		Debug|x86 = Debug|x86
		Release|Any CPU = Release|Any CPU
		Release|x64 = Release|x64
		Release|x86 = Release|x86
	EndGlobalSection
	GlobalSection(ProjectConfigurationPlatforms) = postSolution
		{BD27AE81-7140-4E02-B29E-DB17358B2BF3}.Debug|Any CPU.ActiveCfg = Debug|Any CPU
		{BD27AE81-7140-4E02-B29E-DB17358B2BF3}.Debug|Any CPU.Build.0 = Debug|Any CPU
		{BD27AE81-7140-4E02-B29E-DB17358B2BF3}.Debug|x64.ActiveCfg = Debug|Any CPU
		{BD27AE81-7140-4E02-B29E-DB17358B2BF3}.Debug|x64.Build.0 = Debug|Any CPU
		{BD27AE81-7140-4E02-B29E-DB17358B2BF3}.Debug|x86.ActiveCfg = Debug|Any CPU
		{BD27AE81-7140-4E02-B29E-DB17358B2BF3}.Debug|x86.Build.0 = Debug|Any CPU
		{BD27AE81-7140-4E02-B29E-DB17358B2BF3}.Release|Any CPU.ActiveCfg = Release|Any CPU
		{BD27AE81-7140-4E02-B29E-DB17358B2BF3}.Release|Any CPU.Build.0 = Release|Any CPU
		{BD27AE81-7140-4E02-B29E-DB17358B2BF3}.Release|x64.ActiveCfg = Release|Any CPU
		{BD27AE81-7140-4E02-B29E-DB17358B2BF3}.Release|x64.Build.0 = Release|Any CPU
		{BD27AE81-7140-4E02-B29E-DB17358B2BF3}.Release|x86.ActiveCfg = Release|Any CPU
		{BD27AE81-7140-4E02-B29E-DB17358B2BF3}.Release|x86.Build.0 = Release|Any CPU
		{F7E4D35B-6249-4BC8-9B49-5BC5760FA665}.Debug|Any CPU.ActiveCfg = Debug|Any CPU
		{F7E4D35B-6249-4BC8-9B49-5BC5760FA665}.Debug|Any CPU.Build.0 = Debug|Any CPU
		{F7E4D35B-6249-4BC8-9B49-5BC5760FA665}.Debug|x64.ActiveCfg = Debug|Any CPU
		{F7E4D35B-6249-4BC8-9B49-5BC5760FA665}.Debug|x64.Build.0 = Debug|Any CPU
		{F7E4D35B-6249-4BC8-9B49-5BC5760FA665}.Debug|x86.ActiveCfg = Debug|Any CPU
		{F7E4D35B-6249-4BC8-9B49-5BC5760FA665}.Debug|x86.Build.0 = Debug|Any CPU
		{F7E4D35B-6249-4BC8-9B49-5BC5760FA665}.Release|Any CPU.ActiveCfg = Release|Any CPU
		{F7E4D35B-6249-4BC8-9B49-5BC5760FA665}.Release|Any CPU.Build.0 = Release|Any CPU
		{F7E4D35B-6249-4BC8-9B49-5BC5760FA665}.Release|x64.ActiveCfg = Release|Any CPU
		{F7E4D35B-6249-4BC8-9B49-5BC5760FA665}.Release|x64.Build.0 = Release|Any CPU
		{F7E4D35B-6249-4BC8-9B49-5BC5760FA665}.Release|x86.ActiveCfg = Release|Any CPU
		{F7E4D35B-6249-4BC8-9B49-5BC5760FA665}.Release|x86.Build.0 = Release|Any CPU
	EndGlobalSection
	GlobalSection(SolutionProperties) = preSolution
		HideSolutionNode = FALSE
	EndGlobalSection
	GlobalSection(ExtensibilityGlobals) = postSolution
		SolutionGuid = {ECF96EEF-981C-4EEB-95D7-FFC13D174F95}
	EndGlobalSection
EndGlobal
